
Microsoft Visual Studio Solution File, Format Version 12.00
# Visual Studio Version 17
VisualStudioVersion = 17.0.31903.59
MinimumVisualStudioVersion = 10.0.40219.1
Project("{2150E333-8FDC-42A3-9474-1A3956D46DE8}") = "src", "src", "{ABCDCDB3-AC5C-4FF7-BD90-646D67D22881}"
EndProject
Project("{9A19103F-16F7-4668-BE54-9A1E7A4F7556}") = "Leetcode", "src\Leetcode\Leetcode.csproj", "{5AF7F98B-3BBB-4014-B7E7-B5CE3A9B3801}"
EndProject
Project("{9A19103F-16F7-4668-BE54-9A1E7A4F7556}") = "Leetcode.Tests", "src\Leetcode.Tests\Leetcode.Tests.csproj", "{AD42598D-0872-495D-8265-D4B71E8E8A17}"
	ProjectSection(ProjectDependencies) = postProject
		{5AF7F98B-3BBB-4014-B7E7-B5CE3A9B3801} = {5AF7F98B-3BBB-4014-B7E7-B5CE3A9B3801}
	EndProjectSection
EndProject
Global
	GlobalSection(SolutionConfigurationPlatforms) = preSolution
		Debug|Any CPU = Debug|Any CPU
		Release|Any CPU = Release|Any CPU
	EndGlobalSection
	GlobalSection(ProjectConfigurationPlatforms) = postSolution
		{5AF7F98B-3BBB-4014-B7E7-B5CE3A9B3801}.Debug|Any CPU.ActiveCfg = Debug|Any CPU
		{5AF7F98B-3BBB-4014-B7E7-B5CE3A9B3801}.Debug|Any CPU.Build.0 = Debug|Any CPU
		{5AF7F98B-3BBB-4014-B7E7-B5CE3A9B3801}.Release|Any CPU.ActiveCfg = Release|Any CPU
		{5AF7F98B-3BBB-4014-B7E7-B5CE3A9B3801}.Release|Any CPU.Build.0 = Release|Any CPU
		{AD42598D-0872-495D-8265-D4B71E8E8A17}.Debug|Any CPU.ActiveCfg = Debug|Any CPU
		{AD42598D-0872-495D-8265-D4B71E8E8A17}.Debug|Any CPU.Build.0 = Debug|Any CPU
		{AD42598D-0872-495D-8265-D4B71E8E8A17}.Release|Any CPU.ActiveCfg = Release|Any CPU
		{AD42598D-0872-495D-8265-D4B71E8E8A17}.Release|Any CPU.Build.0 = Release|Any CPU
	EndGlobalSection
	GlobalSection(SolutionProperties) = preSolution
		HideSolutionNode = FALSE
	EndGlobalSection
	GlobalSection(NestedProjects) = preSolution
		{5AF7F98B-3BBB-4014-B7E7-B5CE3A9B3801} = {ABCDCDB3-AC5C-4FF7-BD90-646D67D22881}
		{AD42598D-0872-495D-8265-D4B71E8E8A17} = {ABCDCDB3-AC5C-4FF7-BD90-646D67D22881}
	EndGlobalSection
	GlobalSection(ExtensibilityGlobals) = postSolution
		SolutionGuid = {308C890B-2F70-4734-A95E-F7F8B2F632AB}
	EndGlobalSection
EndGlobal
